dependencies:
  espressif/esp_lcd_touch:
    component_hash: 779b4ba2464a3ae85681e4b860caa5fdc35801458c23f3039ee761bae7f442a4
    source:
      service_url: https://api.components.espressif.com/
      type: service
    version: 1.1.2
  espressif/esp_lcd_touch_gt911:
    component_hash: 664c544533b91497f29b41e045bb4374a0d4d002f9d8c67c7c1bf43fb4179e3f
    source:
      service_url: https://api.components.espressif.com/
      type: service
    version: 1.1.1
  idf:
    component_hash: null
    source:
      type: idf
    version: 5.2.1
  lvgl/lvgl:
    component_hash: d7c1ac037ae6e85d94897f807d6e7ba0946a83e720074fc95a4f6241da9f9f53
    source:
      service_url: https://api.components.espressif.com/
      type: service
    version: 8.4.0
manifest_hash: 86fdd2a239424ac7b3603c65dd9b57d94fd1868c9bddd73cb6a45b9bc7f21695
target: esp32s3
version: 1.0.0
